
Microsoft Visual Studio Solution File, Format Version 12.00
# Visual Studio Version 17
VisualStudioVersion = 17.7.34031.279
MinimumVisualStudioVersion = 10.0.40219.1
Project("{FAE04EC0-301F-11D3-BF4B-00C04F79EFBC}") = "year", "year.csproj", "{E81E42A1-72FF-49A9-A51A-3D1023720F4E}"
EndProject
Global
	GlobalSection(SolutionConfigurationPlatforms) = preSolution
		Debug|Any CPU = Debug|Any CPU
		Release|Any CPU = Release|Any CPU
	EndGlobalSection
	GlobalSection(ProjectConfigurationPlatforms) = postSolution
		{E81E42A1-72FF-49A9-A51A-3D1023720F4E}.Debug|Any CPU.ActiveCfg = Debug|Any CPU
		{E81E42A1-72FF-49A9-A51A-3D1023720F4E}.Debug|Any CPU.Build.0 = Debug|Any CPU
		{E81E42A1-72FF-49A9-A51A-3D1023720F4E}.Release|Any CPU.ActiveCfg = Release|Any CPU
		{E81E42A1-72FF-49A9-A51A-3D1023720F4E}.Release|Any CPU.Build.0 = Release|Any CPU
	EndGlobalSection
	GlobalSection(SolutionProperties) = preSolution
		HideSolutionNode = FALSE
	EndGlobalSection
	GlobalSection(ExtensibilityGlobals) = postSolution
		SolutionGuid = {3C676A7E-3F64-4F23-BF14-83D7609CB2C4}
	EndGlobalSection
EndGlobal
